// !$*UTF8*$!
{
	archiveVersion = 1;
	classes = {
	};
	objectVersion = 77;
	objects = {

/* Begin PBXBuildFile section */
		C96EED4F2E8C2D34008BA935 /* README.md in Resources */ = {isa = PBXBuildFile; fileRef = C96EED4E2E8C2D34008BA935 /* README.md */; };
/* End PBXBuildFile section */

/* Begin PBXContainerItemProxy section */
		C96EED322E8C2BA7008BA935 /* PBXContainerItemProxy */ = {
			isa = PBXContainerItemProxy;
			containerPortal = C96EED182E8C2BA5008BA935 /* Project object */;
			proxyType = 1;
			remoteGlobalIDString = C96EED1F2E8C2BA5008BA935;
			remoteInfo = "Flight Search Demo";
		};
		C96EED3C2E8C2BA7008BA935 /* PBXContainerItemProxy */ = {
			isa = PBXContainerItemProxy;
			containerPortal = C96EED182E8C2BA5008BA935 /* Project object */;
			proxyType = 1;
			remoteGlobalIDString = C96EED1F2E8C2BA5008BA935;
			remoteInfo = "Flight Search Demo";
		};
/* End PBXContainerItemProxy section */

/* Begin PBXFileReference section */
		C96EED202E8C2BA5008BA935 /* Flight Search Demo.app */ = {isa = PBXFileReference; explicitFileType = wrapper.application; includeInIndex = 0; path = "Flight Search Demo.app"; sourceTree = BUILT_PRODUCTS_DIR; };
		C96EED312E8C2BA7008BA935 /* Flight Search DemoTests.xctest */ = {isa = PBXFileReference; explicitFileType = wrapper.cfbundle; includeInIndex = 0; path = "Flight Search DemoTests.xctest"; sourceTree = BUILT_PRODUCTS_DIR; };
		C96EED3B2E8C2BA7008BA935 /* Flight Search DemoUITests.xctest */ = {isa = PBXFileReference; explicitFileType = wrapper.cfbundle; includeInIndex = 0; path = "Flight Search DemoUITests.xctest"; sourceTree = BUILT_PRODUCTS_DIR; };
		C96EED4E2E8C2D34008BA935 /* README.md */ = {isa = PBXFileReference; lastKnownFileType = net.daringfireball.markdown; path = README.md; sourceTree = "<group>"; };
/* End PBXFileReference section */

/* Begin PBXFileSystemSynchronizedRootGroup section */
		C96EED222E8C2BA5008BA935 /* Flight Search Demo */ = {
			isa = PBXFileSystemSynchronizedRootGroup;
			path = "Flight Search Demo";
			sourceTree = "<group>";
		};
		C96EED342E8C2BA7008BA935 /* Flight Search DemoTests */ = {
			isa = PBXFileSystemSynchronizedRootGroup;
			path = "Flight Search DemoTests";
			sourceTree = "<group>";
		};
		C96EED3E2E8C2BA7008BA935 /* Flight Search DemoUITests */ = {
			isa = PBXFileSystemSynchronizedRootGroup;
			path = "Flight Search DemoUITests";
			sourceTree = "<group>";
		};
/* End PBXFileSystemSynchronizedRootGroup section */

/* Begin PBXFrameworksBuildPhase section */
		C96EED1D2E8C2BA5008BA935 /* Frameworks */ = {
			isa = PBXFrameworksBuildPhase;
			buildActionMask = 2147483647;
			files = (
			);
			runOnlyForDeploymentPostprocessing = 0;
		};
		C96EED2E2E8C2BA7008BA935 /* Frameworks */ = {
			isa = PBXFrameworksBuildPhase;
			buildActionMask = 2147483647;
			files = (
			);
			runOnlyForDeploymentPostprocessing = 0;
		};
		C96EED382E8C2BA7008BA935 /* Frameworks */ = {
			isa = PBXFrameworksBuildPhase;
			buildActionMask = 2147483647;
			files = (
			);
			runOnlyForDeploymentPostprocessing = 0;
		};
/* End PBXFrameworksBuildPhase section */

/* Begin PBXGroup section */
		C96EED172E8C2BA5008BA935 = {
			isa = PBXGroup;
			children = (
				C96EED4E2E8C2D34008BA935 /* README.md */,
				C96EED222E8C2BA5008BA935 /* Flight Search Demo */,
				C96EED342E8C2BA7008BA935 /* Flight Search DemoTests */,
				C96EED3E2E8C2BA7008BA935 /* Flight Search DemoUITests */,
				C96EED212E8C2BA5008BA935 /* Products */,
			);
			sourceTree = "<group>";
		};
		C96EED212E8C2BA5008BA935 /* Products */ = {
			isa = PBXGroup;
			children = (
				C96EED202E8C2BA5008BA935 /* Flight Search Demo.app */,
				C96EED312E8C2BA7008BA935 /* Flight Search DemoTests.xctest */,
				C96EED3B2E8C2BA7008BA935 /* Flight Search DemoUITests.xctest */,
			);
			name = Products;
			sourceTree = "<group>";
		};
/* End PBXGroup section */

/* Begin PBXNativeTarget section */
		C96EED1F2E8C2BA5008BA935 /* Flight Search Demo */ = {
			isa = PBXNativeTarget;
			buildConfigurationList = C96EED452E8C2BA7008BA935 /* Build configuration list for PBXNativeTarget "Flight Search Demo" */;
			buildPhases = (
				C96EED1C2E8C2BA5008BA935 /* Sources */,
				C96EED1D2E8C2BA5008BA935 /* Frameworks */,
				C96EED1E2E8C2BA5008BA935 /* Resources */,
			);
			buildRules = (
			);
			dependencies = (
			);
			fileSystemSynchronizedGroups = (
				C96EED222E8C2BA5008BA935 /* Flight Search Demo */,
			);
			name = "Flight Search Demo";
			packageProductDependencies = (
			);
			productName = "Flight Search Demo";
			productReference = C96EED202E8C2BA5008BA935 /* Flight Search Demo.app */;
			productType = "com.apple.product-type.application";
		};
		C96EED302E8C2BA7008BA935 /* Flight Search DemoTests */ = {
			isa = PBXNativeTarget;
			buildConfigurationList = C96EED482E8C2BA7008BA935 /* Build configuration list for PBXNativeTarget "Flight Search DemoTests" */;
			buildPhases = (
				C96EED2D2E8C2BA7008BA935 /* Sources */,
				C96EED2E2E8C2BA7008BA935 /* Frameworks */,
				C96EED2F2E8C2BA7008BA935 /* Resources */,
			);
			buildRules = (
			);
			dependencies = (
				C96EED332E8C2BA7008BA935 /* PBXTargetDependency */,
			);
			fileSystemSynchronizedGroups = (
				C96EED342E8C2BA7008BA935 /* Flight Search DemoTests */,
			);
			name = "Flight Search DemoTests";
			packageProductDependencies = (
			);
			productName = "Flight Search DemoTests";
			productReference = C96EED312E8C2BA7008BA935 /* Flight Search DemoTests.xctest */;
			productType = "com.apple.product-type.bundle.unit-test";
		};
		C96EED3A2E8C2BA7008BA935 /* Flight Search DemoUITests */ = {
			isa = PBXNativeTarget;
			buildConfigurationList = C96EED4B2E8C2BA7008BA935 /* Build configuration list for PBXNativeTarget "Flight Search DemoUITests" */;
			buildPhases = (
				C96EED372E8C2BA7008BA935 /* Sources */,
				C96EED382E8C2BA7008BA935 /* Frameworks */,
				C96EED392E8C2BA7008BA935 /* Resources */,
			);
			buildRules = (
			);
			dependencies = (
				C96EED3D2E8C2BA7008BA935 /* PBXTargetDependency */,
			);
			fileSystemSynchronizedGroups = (
				C96EED3E2E8C2BA7008BA935 /* Flight Search DemoUITests */,
			);
			name = "Flight Search DemoUITests";
			packageProductDependencies = (
			);
			productName = "Flight Search DemoUITests";
			productReference = C96EED3B2E8C2BA7008BA935 /* Flight Search DemoUITests.xctest */;
			productType = "com.apple.product-type.bundle.ui-testing";
		};
/* End PBXNativeTarget section */

/* Begin PBXProject section */
		C96EED182E8C2BA5008BA935 /* Project object */ = {
			isa = PBXProject;
			attributes = {
				BuildIndependentTargetsInParallel = 1;
				LastSwiftUpdateCheck = 1620;
				LastUpgradeCheck = 1620;
				TargetAttributes = {
					C96EED1F2E8C2BA5008BA935 = {
						CreatedOnToolsVersion = 16.2;
					};
					C96EED302E8C2BA7008BA935 = {
						CreatedOnToolsVersion = 16.2;
						TestTargetID = C96EED1F2E8C2BA5008BA935;
					};
					C96EED3A2E8C2BA7008BA935 = {
						CreatedOnToolsVersion = 16.2;
						TestTargetID = C96EED1F2E8C2BA5008BA935;
					};
				};
			};
			buildConfigurationList = C96EED1B2E8C2BA5008BA935 /* Build configuration list for PBXProject "Flight Search Demo" */;
			developmentRegion = en;
			hasScannedForEncodings = 0;
			knownRegions = (
				en,
				Base,
			);
			mainGroup = C96EED172E8C2BA5008BA935;
			minimizedProjectReferenceProxies = 1;
			preferredProjectObjectVersion = 77;
			productRefGroup = C96EED212E8C2BA5008BA935 /* Products */;
			projectDirPath = "";
			projectRoot = "";
			targets = (
				C96EED1F2E8C2BA5008BA935 /* Flight Search Demo */,
				C96EED302E8C2BA7008BA935 /* Flight Search DemoTests */,
				C96EED3A2E8C2BA7008BA935 /* Flight Search DemoUITests */,
			);
		};
/* End PBXProject section */

/* Begin PBXResourcesBuildPhase section */
		C96EED1E2E8C2BA5008BA935 /* Resources */ = {
			isa = PBXResourcesBuildPhase;
			buildActionMask = 2147483647;
			files = (
				C96EED4F2E8C2D34008BA935 /* README.md in Resources */,
			);
			runOnlyForDeploymentPostprocessing = 0;
		};
		C96EED2F2E8C2BA7008BA935 /* Resources */ = {
			isa = PBXResourcesBuildPhase;
			buildActionMask = 2147483647;
			files = (
			);
			runOnlyForDeploymentPostprocessing = 0;
		};
		C96EED392E8C2BA7008BA935 /* Resources */ = {
			isa = PBXResourcesBuildPhase;
			buildActionMask = 2147483647;
			files = (
			);
			runOnlyForDeploymentPostprocessing = 0;
		};
/* End PBXResourcesBuildPhase section */

/* Begin PBXSourcesBuildPhase section */
		C96EED1C2E8C2BA5008BA935 /* Sources */ = {
			isa = PBXSourcesBuildPhase;
			buildActionMask = 2147483647;
			files = (
			);
			runOnlyForDeploymentPostprocessing = 0;
		};
		C96EED2D2E8C2BA7008BA935 /* Sources */ = {
			isa = PBXSourcesBuildPhase;
			buildActionMask = 2147483647;
			files = (
			);
			runOnlyForDeploymentPostprocessing = 0;
		};
		C96EED372E8C2BA7008BA935 /* Sources */ = {
			isa = PBXSourcesBuildPhase;
			buildActionMask = 2147483647;
			files = (
			);
			runOnlyForDeploymentPostprocessing = 0;
		};
/* End PBXSourcesBuildPhase section */

/* Begin PBXTargetDependency section */
		C96EED332E8C2BA7008BA935 /* PBXTargetDependency */ = {
			isa = PBXTargetDependency;
			target = C96EED1F2E8C2BA5008BA935 /* Flight Search Demo */;
			targetProxy = C96EED322E8C2BA7008BA935 /* PBXContainerItemProxy */;
		};
		C96EED3D2E8C2BA7008BA935 /* PBXTargetDependency */ = {
			isa = PBXTargetDependency;
			target = C96EED1F2E8C2BA5008BA935 /* Flight Search Demo */;
			targetProxy = C96EED3C2E8C2BA7008BA935 /* PBXContainerItemProxy */;
		};
/* End PBXTargetDependency section */

/* Begin XCBuildConfiguration section */
		C96EED432E8C2BA7008BA935 /* Debug */ = {
			isa = XCBuildConfiguration;
			buildSettings = {
				ALWAYS_SEARCH_USER_PATHS = NO;
				ASSETCATALOG_COMPILER_GENERATE_SWIFT_ASSET_SYMBOL_EXTENSIONS = YES;
				CLANG_ANALYZER_NONNULL = YES;
				CLANG_ANALYZER_NUMBER_OBJECT_CONVERSION = YES_AGGRESSIVE;
				CLANG_CXX_LANGUAGE_STANDARD = "gnu++20";
				CLANG_ENABLE_MODULES = YES;
				CLANG_ENABLE_OBJC_ARC = YES;
				CLANG_ENABLE_OBJC_WEAK = YES;
				CLANG_WARN_BLOCK_CAPTURE_AUTORELEASING = YES;
				CLANG_WARN_BOOL_CONVERSION = YES;
				CLANG_WARN_COMMA = YES;
				CLANG_WARN_CONSTANT_CONVERSION = YES;
				CLANG_WARN_DEPRECATED_OBJC_IMPLEMENTATIONS = YES;
				CLANG_WARN_DIRECT_OBJC_ISA_USAGE = YES_ERROR;
				CLANG_WARN_DOCUMENTATION_COMMENTS = YES;
				CLANG_WARN_EMPTY_BODY = YES;
				CLANG_WARN_ENUM_CONVERSION = YES;
				CLANG_WARN_INFINITE_RECURSION = YES;
				CLANG_WARN_INT_CONVERSION = YES;
				CLANG_WARN_NON_LITERAL_NULL_CONVERSION = YES;
				CLANG_WARN_OBJC_IMPLICIT_RETAIN_SELF = YES;
				CLANG_WARN_OBJC_LITERAL_CONVERSION = YES;
				CLANG_WARN_OBJC_ROOT_CLASS = YES_ERROR;
				CLANG_WARN_QUOTED_INCLUDE_IN_FRAMEWORK_HEADER = YES;
				CLANG_WARN_RANGE_LOOP_ANALYSIS = YES;
				CLANG_WARN_STRICT_PROTOTYPES = YES;
				CLANG_WARN_SUSPICIOUS_MOVE = YES;
				CLANG_WARN_UNGUARDED_AVAILABILITY = YES_AGGRESSIVE;
				CLANG_WARN_UNREACHABLE_CODE = YES;
				CLANG_WARN__DUPLICATE_METHOD_MATCH = YES;
				COPY_PHASE_STRIP = NO;
				DEBUG_INFORMATION_FORMAT = dwarf;
				ENABLE_STRICT_OBJC_MSGSEND = YES;
				ENABLE_TESTABILITY = YES;
				ENABLE_USER_SCRIPT_SANDBOXING = YES;
				GCC_C_LANGUAGE_STANDARD = gnu17;
				GCC_DYNAMIC_NO_PIC = NO;
				GCC_NO_COMMON_BLOCKS = YES;
				GCC_OPTIMIZATION_LEVEL = 0;
				GCC_PREPROCESSOR_DEFINITIONS = (
					"DEBUG=1",
					"$(inherited)",
				);
				GCC_WARN_64_TO_32_BIT_CONVERSION = YES;
				GCC_WARN_ABOUT_RETURN_TYPE = YES_ERROR;
				GCC_WARN_UNDECLARED_SELECTOR = YES;
				GCC_WARN_UNINITIALIZED_AUTOS = YES_AGGRESSIVE;
				GCC_WARN_UNUSED_FUNCTION = YES;
				GCC_WARN_UNUSED_VARIABLE = YES;
				LOCALIZATION_PREFERS_STRING_CATALOGS = YES;
				MTL_ENABLE_DEBUG_INFO = INCLUDE_SOURCE;
				MTL_FAST_MATH = YES;
				ONLY_ACTIVE_ARCH = YES;
				SWIFT_ACTIVE_COMPILATION_CONDITIONS = "DEBUG $(inherited)";
				SWIFT_OPTIMIZATION_LEVEL = "-Onone";
			};
			name = Debug;
		};
		C96EED442E8C2BA7008BA935 /* Release */ = {
			isa = XCBuildConfiguration;
			buildSettings = {
				ALWAYS_SEARCH_USER_PATHS = NO;
				ASSETCATALOG_COMPILER_GENERATE_SWIFT_ASSET_SYMBOL_EXTENSIONS = YES;
				CLANG_ANALYZER_NONNULL = YES;
				CLANG_ANALYZER_NUMBER_OBJECT_CONVERSION = YES_AGGRESSIVE;
				CLANG_CXX_LANGUAGE_STANDARD = "gnu++20";
				CLANG_ENABLE_MODULES = YES;
				CLANG_ENABLE_OBJC_ARC = YES;
				CLANG_ENABLE_OBJC_WEAK = YES;
				CLANG_WARN_BLOCK_CAPTURE_AUTORELEASING = YES;
				CLANG_WARN_BOOL_CONVERSION = YES;
				CLANG_WARN_COMMA = YES;
				CLANG_WARN_CONSTANT_CONVERSION = YES;
				CLANG_WARN_DEPRECATED_OBJC_IMPLEMENTATIONS = YES;
				CLANG_WARN_DIRECT_OBJC_ISA_USAGE = YES_ERROR;
				CLANG_WARN_DOCUMENTATION_COMMENTS = YES;
				CLANG_WARN_EMPTY_BODY = YES;
				CLANG_WARN_ENUM_CONVERSION = YES;
				CLANG_WARN_INFINITE_RECURSION = YES;
				CLANG_WARN_INT_CONVERSION = YES;
				CLANG_WARN_NON_LITERAL_NULL_CONVERSION = YES;
				CLANG_WARN_OBJC_IMPLICIT_RETAIN_SELF = YES;
				CLANG_WARN_OBJC_LITERAL_CONVERSION = YES;
				CLANG_WARN_OBJC_ROOT_CLASS = YES_ERROR;
				CLANG_WARN_QUOTED_INCLUDE_IN_FRAMEWORK_HEADER = YES;
				CLANG_WARN_RANGE_LOOP_ANALYSIS = YES;
				CLANG_WARN_STRICT_PROTOTYPES = YES;
				CLANG_WARN_SUSPICIOUS_MOVE = YES;
				CLANG_WARN_UNGUARDED_AVAILABILITY = YES_AGGRESSIVE;
				CLANG_WARN_UNREACHABLE_CODE = YES;
				CLANG_WARN__DUPLICATE_METHOD_MATCH = YES;
				COPY_PHASE_STRIP = NO;
				DEBUG_INFORMATION_FORMAT = "dwarf-with-dsym";
				ENABLE_NS_ASSERTIONS = NO;
				ENABLE_STRICT_OBJC_MSGSEND = YES;
				ENABLE_USER_SCRIPT_SANDBOXING = YES;
				GCC_C_LANGUAGE_STANDARD = gnu17;
				GCC_NO_COMMON_BLOCKS = YES;
				GCC_WARN_64_TO_32_BIT_CONVERSION = YES;
				GCC_WARN_ABOUT_RETURN_TYPE = YES_ERROR;
				GCC_WARN_UNDECLARED_SELECTOR = YES;
				GCC_WARN_UNINITIALIZED_AUTOS = YES_AGGRESSIVE;
				GCC_WARN_UNUSED_FUNCTION = YES;
				GCC_WARN_UNUSED_VARIABLE = YES;
				LOCALIZATION_PREFERS_STRING_CATALOGS = YES;
				MTL_ENABLE_DEBUG_INFO = NO;
				MTL_FAST_MATH = YES;
				SWIFT_COMPILATION_MODE = wholemodule;
			};
			name = Release;
		};
		C96EED462E8C2BA7008BA935 /* Debug */ = {
			isa = XCBuildConfiguration;
			buildSettings = {
				ASSETCATALOG_COMPILER_APPICON_NAME = AppIcon;
				ASSETCATALOG_COMPILER_GLOBAL_ACCENT_COLOR_NAME = AccentColor;
				CODE_SIGN_ENTITLEMENTS = "Flight Search Demo/Flight_Search_Demo.entitlements";
				CODE_SIGN_STYLE = Automatic;
				CURRENT_PROJECT_VERSION = 1;
				DEVELOPMENT_ASSET_PATHS = "\"Flight Search Demo/Preview Content\"";
				ENABLE_PREVIEWS = YES;
				GENERATE_INFOPLIST_FILE = YES;
				"INFOPLIST_KEY_UIApplicationSceneManifest_Generation[sdk=iphoneos*]" = YES;
				"INFOPLIST_KEY_UIApplicationSceneManifest_Generation[sdk=iphonesimulator*]" = YES;
				"INFOPLIST_KEY_UIApplicationSupportsIndirectInputEvents[sdk=iphoneos*]" = YES;
				"INFOPLIST_KEY_UIApplicationSupportsIndirectInputEvents[sdk=iphonesimulator*]" = YES;
				"INFOPLIST_KEY_UILaunchScreen_Generation[sdk=iphoneos*]" = YES;
				"INFOPLIST_KEY_UILaunchScreen_Generation[sdk=iphonesimulator*]" = YES;
				"INFOPLIST_KEY_UIStatusBarStyle[sdk=iphoneos*]" = UIStatusBarStyleDefault;
				"INFOPLIST_KEY_UIStatusBarStyle[sdk=iphonesimulator*]" = UIStatusBarStyleDefault;
				INFOPLIST_KEY_UISupportedInterfaceOrientations_iPad = "UIInterfaceOrientationPortrait UIInterfaceOrientationPortraitUpsideDown UIInterfaceOrientationLandscapeLeft UIInterfaceOrientationLandscapeRight";
				INFOPLIST_KEY_UISupportedInterfaceOrientations_iPhone = "UIInterfaceOrientationPortrait UIInterfaceOrientationLandscapeLeft UIInterfaceOrientationLandscapeRight";
				IPHONEOS_DEPLOYMENT_TARGET = 18.2;
				LD_RUNPATH_SEARCH_PATHS = "@executable_path/Frameworks";
				"LD_RUNPATH_SEARCH_PATHS[sdk=macosx*]" = "@executable_path/../Frameworks";
				MACOSX_DEPLOYMENT_TARGET = 15.2;
				MARKETING_VERSION = 1.0;
				PRODUCT_BUNDLE_IDENTIFIER = "FlightSearchDemo.Flight-Search-Demo";
				PRODUCT_NAME = "$(TARGET_NAME)";
				SDKROOT = auto;
				SUPPORTED_PLATFORMS = "iphoneos iphonesimulator macosx xros xrsimulator";
				SWIFT_EMIT_LOC_STRINGS = YES;
				SWIFT_VERSION = 5.0;
				TARGETED_DEVICE_FAMILY = "1,2,7";
				XROS_DEPLOYMENT_TARGET = 2.2;
			};
			name = Debug;
		};
		C96EED472E8C2BA7008BA935 /* Release */ = {
			isa = XCBuildConfiguration;
			buildSettings = {
				ASSETCATALOG_COMPILER_APPICON_NAME = AppIcon;
				ASSETCATALOG_COMPILER_GLOBAL_ACCENT_COLOR_NAME = AccentColor;
				CODE_SIGN_ENTITLEMENTS = "Flight Search Demo/Flight_Search_Demo.entitlements";
				CODE_SIGN_STYLE = Automatic;
				CURRENT_PROJECT_VERSION = 1;
				DEVELOPMENT_ASSET_PATHS = "\"Flight Search Demo/Preview Content\"";
				ENABLE_PREVIEWS = YES;
				GENERATE_INFOPLIST_FILE = YES;
				"INFOPLIST_KEY_UIApplicationSceneManifest_Generation[sdk=iphoneos*]" = YES;
				"INFOPLIST_KEY_UIApplicationSceneManifest_Generation[sdk=iphonesimulator*]" = YES;
				"INFOPLIST_KEY_UIApplicationSupportsIndirectInputEvents[sdk=iphoneos*]" = YES;
				"INFOPLIST_KEY_UIApplicationSupportsIndirectInputEvents[sdk=iphonesimulator*]" = YES;
				"INFOPLIST_KEY_UILaunchScreen_Generation[sdk=iphoneos*]" = YES;
				"INFOPLIST_KEY_UILaunchScreen_Generation[sdk=iphonesimulator*]" = YES;
				"INFOPLIST_KEY_UIStatusBarStyle[sdk=iphoneos*]" = UIStatusBarStyleDefault;
				"INFOPLIST_KEY_UIStatusBarStyle[sdk=iphonesimulator*]" = UIStatusBarStyleDefault;
				INFOPLIST_KEY_UISupportedInterfaceOrientations_iPad = "UIInterfaceOrientationPortrait UIInterfaceOrientationPortraitUpsideDown UIInterfaceOrientationLandscapeLeft UIInterfaceOrientationLandscapeRight";
				INFOPLIST_KEY_UISupportedInterfaceOrientations_iPhone = "UIInterfaceOrientationPortrait UIInterfaceOrientationLandscapeLeft UIInterfaceOrientationLandscapeRight";
				IPHONEOS_DEPLOYMENT_TARGET = 18.2;
				LD_RUNPATH_SEARCH_PATHS = "@executable_path/Frameworks";
				"LD_RUNPATH_SEARCH_PATHS[sdk=macosx*]" = "@executable_path/../Frameworks";
				MACOSX_DEPLOYMENT_TARGET = 15.2;
				MARKETING_VERSION = 1.0;
				PRODUCT_BUNDLE_IDENTIFIER = "FlightSearchDemo.Flight-Search-Demo";
				PRODUCT_NAME = "$(TARGET_NAME)";
				SDKROOT = auto;
				SUPPORTED_PLATFORMS = "iphoneos iphonesimulator macosx xros xrsimulator";
				SWIFT_EMIT_LOC_STRINGS = YES;
				SWIFT_VERSION = 5.0;
				TARGETED_DEVICE_FAMILY = "1,2,7";
				XROS_DEPLOYMENT_TARGET = 2.2;
			};
			name = Release;
		};
		C96EED492E8C2BA7008BA935 /* Debug */ = {
			isa = XCBuildConfiguration;
			buildSettings = {
				BUNDLE_LOADER = "$(TEST_HOST)";
				CODE_SIGN_STYLE = Automatic;
				CURRENT_PROJECT_VERSION = 1;
				GENERATE_INFOPLIST_FILE = YES;
				IPHONEOS_DEPLOYMENT_TARGET = 18.2;
				MACOSX_DEPLOYMENT_TARGET = 15.2;
				MARKETING_VERSION = 1.0;
				PRODUCT_BUNDLE_IDENTIFIER = "FlightSearchDemo.Flight-Search-DemoTests";
				PRODUCT_NAME = "$(TARGET_NAME)";
				SDKROOT = auto;
				SUPPORTED_PLATFORMS = "iphoneos iphonesimulator macosx xros xrsimulator";
				SWIFT_EMIT_LOC_STRINGS = NO;
				SWIFT_VERSION = 5.0;
				TARGETED_DEVICE_FAMILY = "1,2,7";
				TEST_HOST = "$(BUILT_PRODUCTS_DIR)/Flight Search Demo.app/$(BUNDLE_EXECUTABLE_FOLDER_PATH)/Flight Search Demo";
				XROS_DEPLOYMENT_TARGET = 2.2;
			};
			name = Debug;
		};
		C96EED4A2E8C2BA7008BA935 /* Release */ = {
			isa = XCBuildConfiguration;
			buildSettings = {
				BUNDLE_LOADER = "$(TEST_HOST)";
				CODE_SIGN_STYLE = Automatic;
				CURRENT_PROJECT_VERSION = 1;
				GENERATE_INFOPLIST_FILE = YES;
				IPHONEOS_DEPLOYMENT_TARGET = 18.2;
				MACOSX_DEPLOYMENT_TARGET = 15.2;
				MARKETING_VERSION = 1.0;
				PRODUCT_BUNDLE_IDENTIFIER = "FlightSearchDemo.Flight-Search-DemoTests";
				PRODUCT_NAME = "$(TARGET_NAME)";
				SDKROOT = auto;
				SUPPORTED_PLATFORMS = "iphoneos iphonesimulator macosx xros xrsimulator";
				SWIFT_EMIT_LOC_STRINGS = NO;
				SWIFT_VERSION = 5.0;
				TARGETED_DEVICE_FAMILY = "1,2,7";
				TEST_HOST = "$(BUILT_PRODUCTS_DIR)/Flight Search Demo.app/$(BUNDLE_EXECUTABLE_FOLDER_PATH)/Flight Search Demo";
				XROS_DEPLOYMENT_TARGET = 2.2;
			};
			name = Release;
		};
		C96EED4C2E8C2BA7008BA935 /* Debug */ = {
			isa = XCBuildConfiguration;
			buildSettings = {
				CODE_SIGN_STYLE = Automatic;
				CURRENT_PROJECT_VERSION = 1;
				GENERATE_INFOPLIST_FILE = YES;
				IPHONEOS_DEPLOYMENT_TARGET = 18.2;
				MACOSX_DEPLOYMENT_TARGET = 15.2;
				MARKETING_VERSION = 1.0;
				PRODUCT_BUNDLE_IDENTIFIER = "FlightSearchDemo.Flight-Search-DemoUITests";
				PRODUCT_NAME = "$(TARGET_NAME)";
				SDKROOT = auto;
				SUPPORTED_PLATFORMS = "iphoneos iphonesimulator macosx xros xrsimulator";
				SWIFT_EMIT_LOC_STRINGS = NO;
				SWIFT_VERSION = 5.0;
				TARGETED_DEVICE_FAMILY = "1,2,7";
				TEST_TARGET_NAME = "Flight Search Demo";
				XROS_DEPLOYMENT_TARGET = 2.2;
			};
			name = Debug;
		};
		C96EED4D2E8C2BA7008BA935 /* Release */ = {
			isa = XCBuildConfiguration;
			buildSettings = {
				CODE_SIGN_STYLE = Automatic;
				CURRENT_PROJECT_VERSION = 1;
				GENERATE_INFOPLIST_FILE = YES;
				IPHONEOS_DEPLOYMENT_TARGET = 18.2;
				MACOSX_DEPLOYMENT_TARGET = 15.2;
				MARKETING_VERSION = 1.0;
				PRODUCT_BUNDLE_IDENTIFIER = "FlightSearchDemo.Flight-Search-DemoUITests";
				PRODUCT_NAME = "$(TARGET_NAME)";
				SDKROOT = auto;
				SUPPORTED_PLATFORMS = "iphoneos iphonesimulator macosx xros xrsimulator";
				SWIFT_EMIT_LOC_STRINGS = NO;
				SWIFT_VERSION = 5.0;
				TARGETED_DEVICE_FAMILY = "1,2,7";
				TEST_TARGET_NAME = "Flight Search Demo";
				XROS_DEPLOYMENT_TARGET = 2.2;
			};
			name = Release;
		};
/* End XCBuildConfiguration section */

/* Begin XCConfigurationList section */
		C96EED1B2E8C2BA5008BA935 /* Build configuration list for PBXProject "Flight Search Demo" */ = {
			isa = XCConfigurationList;
			buildConfigurations = (
				C96EED432E8C2BA7008BA935 /* Debug */,
				C96EED442E8C2BA7008BA935 /* Release */,
			);
			defaultConfigurationIsVisible = 0;
			defaultConfigurationName = Release;
		};
		C96EED452E8C2BA7008BA935 /* Build configuration list for PBXNativeTarget "Flight Search Demo" */ = {
			isa = XCConfigurationList;
			buildConfigurations = (
				C96EED462E8C2BA7008BA935 /* Debug */,
				C96EED472E8C2BA7008BA935 /* Release */,
			);
			defaultConfigurationIsVisible = 0;
			defaultConfigurationName = Release;
		};
		C96EED482E8C2BA7008BA935 /* Build configuration list for PBXNativeTarget "Flight Search DemoTests" */ = {
			isa = XCConfigurationList;
			buildConfigurations = (
				C96EED492E8C2BA7008BA935 /* Debug */,
				C96EED4A2E8C2BA7008BA935 /* Release */,
			);
			defaultConfigurationIsVisible = 0;
			defaultConfigurationName = Release;
		};
		C96EED4B2E8C2BA7008BA935 /* Build configuration list for PBXNativeTarget "Flight Search DemoUITests" */ = {
			isa = XCConfigurationList;
			buildConfigurations = (
				C96EED4C2E8C2BA7008BA935 /* Debug */,
				C96EED4D2E8C2BA7008BA935 /* Release */,
			);
			defaultConfigurationIsVisible = 0;
			defaultConfigurationName = Release;
		};
/* End XCConfigurationList section */
	};
	rootObject = C96EED182E8C2BA5008BA935 /* Project object */;
}
